
Microsoft Visual Studio Solution File, Format Version 12.00
# Visual Studio Version 16
VisualStudioVersion = 16.0.808.7
MinimumVisualStudioVersion = 10.0.40219.1
Project("{FAE04EC0-301F-11D3-BF4B-00C04F79EFBC}") = "Phoneword", "Phoneword\Phoneword.csproj", "{296C5EDD-2F58-414A-A3FE-E3D71CAEFFC0}"
EndProject
Global
	GlobalSection(SolutionConfigurationPlatforms) = preSolution
		Debug|iPhoneSimulator = Debug|iPhoneSimulator
		Release|iPhoneSimulator = Release|iPhoneSimulator
		Debug|iPhone = Debug|iPhone
		Release|iPhone = Release|iPhone
	EndGlobalSection
	GlobalSection(ProjectConfigurationPlatforms) = postSolution
		{296C5EDD-2F58-414A-A3FE-E3D71CAEFFC0}.Debug|iPhoneSimulator.ActiveCfg = Debug|iPhoneSimulator
		{296C5EDD-2F58-414A-A3FE-E3D71CAEFFC0}.Debug|iPhoneSimulator.Build.0 = Debug|iPhoneSimulator
		{296C5EDD-2F58-414A-A3FE-E3D71CAEFFC0}.Release|iPhoneSimulator.ActiveCfg = Release|iPhoneSimulator
		{296C5EDD-2F58-414A-A3FE-E3D71CAEFFC0}.Release|iPhoneSimulator.Build.0 = Release|iPhoneSimulator
		{296C5EDD-2F58-414A-A3FE-E3D71CAEFFC0}.Debug|iPhone.ActiveCfg = Debug|iPhone
		{296C5EDD-2F58-414A-A3FE-E3D71CAEFFC0}.Debug|iPhone.Build.0 = Debug|iPhone
		{296C5EDD-2F58-414A-A3FE-E3D71CAEFFC0}.Release|iPhone.ActiveCfg = Release|iPhone
		{296C5EDD-2F58-414A-A3FE-E3D71CAEFFC0}.Release|iPhone.Build.0 = Release|iPhone
	EndGlobalSection
	GlobalSection(SolutionProperties) = preSolution
		HideSolutionNode = FALSE
	EndGlobalSection
	GlobalSection(ExtensibilityGlobals) = postSolution
		SolutionGuid = {AC9319BE-998B-410D-9EFF-8D4D4A0AC36E}
	EndGlobalSection
EndGlobal
